// !$*UTF8*$!
{
	archiveVersion = 1;
	classes = {
	};
	objectVersion = 55;
	objects = {

/* Begin PBXBuildFile section */
		F4EADDA32722F3B7008C1168 /* SwiftBeta_WeatherApp.swift in Sources */ = {isa = PBXBuildFile; fileRef = F4EADDA22722F3B7008C1168 /* SwiftBeta_WeatherApp.swift */; };
		F4EADDA52722F3B7008C1168 /* ContentView.swift in Sources */ = {isa = PBXBuildFile; fileRef = F4EADDA42722F3B7008C1168 /* ContentView.swift */; };
		F4EADDA72722F3B8008C1168 /* Assets.xcassets in Resources */ = {isa = PBXBuildFile; fileRef = F4EADDA62722F3B8008C1168 /* Assets.xcassets */; };
		F4EADDAA2722F3B8008C1168 /* Preview Assets.xcassets in Resources */ = {isa = PBXBuildFile; fileRef = F4EADDA92722F3B8008C1168 /* Preview Assets.xcassets */; };
		F4EADDB12722FDFE008C1168 /* WeatherResponseDataModel.swift in Sources */ = {isa = PBXBuildFile; fileRef = F4EADDB02722FDFE008C1168 /* WeatherResponseDataModel.swift */; };
		F4EADDB42723041C008C1168 /* WeatherViewModel.swift in Sources */ = {isa = PBXBuildFile; fileRef = F4EADDB32723041C008C1168 /* WeatherViewModel.swift */; };
		F4EADDB727231C5B008C1168 /* WeatherModel.swift in Sources */ = {isa = PBXBuildFile; fileRef = F4EADDB627231C5B008C1168 /* WeatherModel.swift */; };
		F4EADDB927231F69008C1168 /* WeatherModelMapper.swift in Sources */ = {isa = PBXBuildFile; fileRef = F4EADDB827231F69008C1168 /* WeatherModelMapper.swift */; };
/* End PBXBuildFile section */

/* Begin PBXFileReference section */
		F4EADD9F2722F3B7008C1168 /* SwiftBeta-Weather.app */ = {isa = PBXFileReference; explicitFileType = wrapper.application; includeInIndex = 0; path = "SwiftBeta-Weather.app"; sourceTree = BUILT_PRODUCTS_DIR; };
		F4EADDA22722F3B7008C1168 /* SwiftBeta_WeatherApp.swift */ = {isa = PBXFileReference; lastKnownFileType = sourcecode.swift; path = SwiftBeta_WeatherApp.swift; sourceTree = "<group>"; };
		F4EADDA42722F3B7008C1168 /* ContentView.swift */ = {isa = PBXFileReference; lastKnownFileType = sourcecode.swift; path = ContentView.swift; sourceTree = "<group>"; };
		F4EADDA62722F3B8008C1168 /* Assets.xcassets */ = {isa = PBXFileReference; lastKnownFileType = folder.assetcatalog; path = Assets.xcassets; sourceTree = "<group>"; };
		F4EADDA92722F3B8008C1168 /* Preview Assets.xcassets */ = {isa = PBXFileReference; lastKnownFileType = folder.assetcatalog; path = "Preview Assets.xcassets"; sourceTree = "<group>"; };
		F4EADDB02722FDFE008C1168 /* WeatherResponseDataModel.swift */ = {isa = PBXFileReference; lastKnownFileType = sourcecode.swift; path = WeatherResponseDataModel.swift; sourceTree = "<group>"; };
		F4EADDB32723041C008C1168 /* WeatherViewModel.swift */ = {isa = PBXFileReference; lastKnownFileType = sourcecode.swift; path = WeatherViewModel.swift; sourceTree = "<group>"; };
		F4EADDB527230AEA008C1168 /* Info.plist */ = {isa = PBXFileReference; lastKnownFileType = text.plist; path = Info.plist; sourceTree = "<group>"; };
		F4EADDB627231C5B008C1168 /* WeatherModel.swift */ = {isa = PBXFileReference; lastKnownFileType = sourcecode.swift; path = WeatherModel.swift; sourceTree = "<group>"; };
		F4EADDB827231F69008C1168 /* WeatherModelMapper.swift */ = {isa = PBXFileReference; lastKnownFileType = sourcecode.swift; path = WeatherModelMapper.swift; sourceTree = "<group>"; };
/* End PBXFileReference section */

/* Begin PBXFrameworksBuildPhase section */
		F4EADD9C2722F3B7008C1168 /* Frameworks */ = {
			isa = PBXFrameworksBuildPhase;
			buildActionMask = 2147483647;
			files = (
			);
			runOnlyForDeploymentPostprocessing = 0;
		};
/* End PBXFrameworksBuildPhase section */

/* Begin PBXGroup section */
		F4EADD962722F3B7008C1168 = {
			isa = PBXGroup;
			children = (
				F4EADDA12722F3B7008C1168 /* SwiftBeta-Weather */,
				F4EADDA02722F3B7008C1168 /* Products */,
			);
			sourceTree = "<group>";
		};
		F4EADDA02722F3B7008C1168 /* Products */ = {
			isa = PBXGroup;
			children = (
				F4EADD9F2722F3B7008C1168 /* SwiftBeta-Weather.app */,
			);
			name = Products;
			sourceTree = "<group>";
		};
		F4EADDA12722F3B7008C1168 /* SwiftBeta-Weather */ = {
			isa = PBXGroup;
			children = (
				F4EADDB527230AEA008C1168 /* Info.plist */,
				F4EADDA22722F3B7008C1168 /* SwiftBeta_WeatherApp.swift */,
				F4EADDA42722F3B7008C1168 /* ContentView.swift */,
				F4EADDB32723041C008C1168 /* WeatherViewModel.swift */,
				F4EADDB827231F69008C1168 /* WeatherModelMapper.swift */,
				F4EADDB2272302C0008C1168 /* Model */,
				F4EADDA62722F3B8008C1168 /* Assets.xcassets */,
				F4EADDA82722F3B8008C1168 /* Preview Content */,
			);
			path = "SwiftBeta-Weather";
			sourceTree = "<group>";
		};
		F4EADDA82722F3B8008C1168 /* Preview Content */ = {
			isa = PBXGroup;
			children = (
				F4EADDA92722F3B8008C1168 /* Preview Assets.xcassets */,
			);
			path = "Preview Content";
			sourceTree = "<group>";
		};
		F4EADDB2272302C0008C1168 /* Model */ = {
			isa = PBXGroup;
			children = (
				F4EADDB02722FDFE008C1168 /* WeatherResponseDataModel.swift */,
				F4EADDB627231C5B008C1168 /* WeatherModel.swift */,
			);
			path = Model;
			sourceTree = "<group>";
		};
/* End PBXGroup section */

/* Begin PBXNativeTarget section */
		F4EADD9E2722F3B7008C1168 /* SwiftBeta-Weather */ = {
			isa = PBXNativeTarget;
			buildConfigurationList = F4EADDAD2722F3B8008C1168 /* Build configuration list for PBXNativeTarget "SwiftBeta-Weather" */;
			buildPhases = (
				F4EADD9B2722F3B7008C1168 /* Sources */,
				F4EADD9C2722F3B7008C1168 /* Frameworks */,
				F4EADD9D2722F3B7008C1168 /* Resources */,
			);
			buildRules = (
			);
			dependencies = (
			);
			name = "SwiftBeta-Weather";
			productName = "SwiftBeta-Weather";
			productReference = F4EADD9F2722F3B7008C1168 /* SwiftBeta-Weather.app */;
			productType = "com.apple.product-type.application";
		};
/* End PBXNativeTarget section */

/* Begin PBXProject section */
		F4EADD972722F3B7008C1168 /* Project object */ = {
			isa = PBXProject;
			attributes = {
				BuildIndependentTargetsInParallel = 1;
				LastSwiftUpdateCheck = 1300;
				LastUpgradeCheck = 1300;
				TargetAttributes = {
					F4EADD9E2722F3B7008C1168 = {
						CreatedOnToolsVersion = 13.0;
					};
				};
			};
			buildConfigurationList = F4EADD9A2722F3B7008C1168 /* Build configuration list for PBXProject "SwiftBeta-Weather" */;
			compatibilityVersion = "Xcode 13.0";
			developmentRegion = en;
			hasScannedForEncodings = 0;
			knownRegions = (
				en,
				Base,
			);
			mainGroup = F4EADD962722F3B7008C1168;
			productRefGroup = F4EADDA02722F3B7008C1168 /* Products */;
			projectDirPath = "";
			projectRoot = "";
			targets = (
				F4EADD9E2722F3B7008C1168 /* SwiftBeta-Weather */,
			);
		};
/* End PBXProject section */

/* Begin PBXResourcesBuildPhase section */
		F4EADD9D2722F3B7008C1168 /* Resources */ = {
			isa = PBXResourcesBuildPhase;
			buildActionMask = 2147483647;
			files = (
				F4EADDAA2722F3B8008C1168 /* Preview Assets.xcassets in Resources */,
				F4EADDA72722F3B8008C1168 /* Assets.xcassets in Resources */,
			);
			runOnlyForDeploymentPostprocessing = 0;
		};
/* End PBXResourcesBuildPhase section */

/* Begin PBXSourcesBuildPhase section */
		F4EADD9B2722F3B7008C1168 /* Sources */ = {
			isa = PBXSourcesBuildPhase;
			buildActionMask = 2147483647;
			files = (
				F4EADDA52722F3B7008C1168 /* ContentView.swift in Sources */,
				F4EADDB42723041C008C1168 /* WeatherViewModel.swift in Sources */,
				F4EADDA32722F3B7008C1168 /* SwiftBeta_WeatherApp.swift in Sources */,
				F4EADDB12722FDFE008C1168 /* WeatherResponseDataModel.swift in Sources */,
				F4EADDB727231C5B008C1168 /* WeatherModel.swift in Sources */,
				F4EADDB927231F69008C1168 /* WeatherModelMapper.swift in Sources */,
			);
			runOnlyForDeploymentPostprocessing = 0;
		};
/* End PBXSourcesBuildPhase section */

/* Begin XCBuildConfiguration section */
		F4EADDAB2722F3B8008C1168 /* Debug */ = {
			isa = XCBuildConfiguration;
			buildSettings = {
				ALWAYS_SEARCH_USER_PATHS = NO;
				CLANG_ANALYZER_NONNULL = YES;
				CLANG_ANALYZER_NUMBER_OBJECT_CONVERSION = YES_AGGRESSIVE;
				CLANG_CXX_LANGUAGE_STANDARD = "gnu++17";
				CLANG_CXX_LIBRARY = "libc++";
				CLANG_ENABLE_MODULES = YES;
				CLANG_ENABLE_OBJC_ARC = YES;
				CLANG_ENABLE_OBJC_WEAK = YES;
				CLANG_WARN_BLOCK_CAPTURE_AUTORELEASING = YES;
				CLANG_WARN_BOOL_CONVERSION = YES;
				CLANG_WARN_COMMA = YES;
				CLANG_WARN_CONSTANT_CONVERSION = YES;
				CLANG_WARN_DEPRECATED_OBJC_IMPLEMENTATIONS = YES;
				CLANG_WARN_DIRECT_OBJC_ISA_USAGE = YES_ERROR;
				CLANG_WARN_DOCUMENTATION_COMMENTS = YES;
				CLANG_WARN_EMPTY_BODY = YES;
				CLANG_WARN_ENUM_CONVERSION = YES;
				CLANG_WARN_INFINITE_RECURSION = YES;
				CLANG_WARN_INT_CONVERSION = YES;
				CLANG_WARN_NON_LITERAL_NULL_CONVERSION = YES;
				CLANG_WARN_OBJC_IMPLICIT_RETAIN_SELF = YES;
				CLANG_WARN_OBJC_LITERAL_CONVERSION = YES;
				CLANG_WARN_OBJC_ROOT_CLASS = YES_ERROR;
				CLANG_WARN_QUOTED_INCLUDE_IN_FRAMEWORK_HEADER = YES;
				CLANG_WARN_RANGE_LOOP_ANALYSIS = YES;
				CLANG_WARN_STRICT_PROTOTYPES = YES;
				CLANG_WARN_SUSPICIOUS_MOVE = YES;
				CLANG_WARN_UNGUARDED_AVAILABILITY = YES_AGGRESSIVE;
				CLANG_WARN_UNREACHABLE_CODE = YES;
				CLANG_WARN__DUPLICATE_METHOD_MATCH = YES;
				COPY_PHASE_STRIP = NO;
				DEBUG_INFORMATION_FORMAT = dwarf;
				ENABLE_STRICT_OBJC_MSGSEND = YES;
				ENABLE_TESTABILITY = YES;
				GCC_C_LANGUAGE_STANDARD = gnu11;
				GCC_DYNAMIC_NO_PIC = NO;
				GCC_NO_COMMON_BLOCKS = YES;
				GCC_OPTIMIZATION_LEVEL = 0;
				GCC_PREPROCESSOR_DEFINITIONS = (
					"DEBUG=1",
					"$(inherited)",
				);
				GCC_WARN_64_TO_32_BIT_CONVERSION = YES;
				GCC_WARN_ABOUT_RETURN_TYPE = YES_ERROR;
				GCC_WARN_UNDECLARED_SELECTOR = YES;
				GCC_WARN_UNINITIALIZED_AUTOS = YES_AGGRESSIVE;
				GCC_WARN_UNUSED_FUNCTION = YES;
				GCC_WARN_UNUSED_VARIABLE = YES;
				IPHONEOS_DEPLOYMENT_TARGET = 15.0;
				MTL_ENABLE_DEBUG_INFO = INCLUDE_SOURCE;
				MTL_FAST_MATH = YES;
				ONLY_ACTIVE_ARCH = YES;
				SDKROOT = iphoneos;
				SWIFT_ACTIVE_COMPILATION_CONDITIONS = DEBUG;
				SWIFT_OPTIMIZATION_LEVEL = "-Onone";
			};
			name = Debug;
		};
		F4EADDAC2722F3B8008C1168 /* Release */ = {
			isa = XCBuildConfiguration;
			buildSettings = {
				ALWAYS_SEARCH_USER_PATHS = NO;
				CLANG_ANALYZER_NONNULL = YES;
				CLANG_ANALYZER_NUMBER_OBJECT_CONVERSION = YES_AGGRESSIVE;
				CLANG_CXX_LANGUAGE_STANDARD = "gnu++17";
				CLANG_CXX_LIBRARY = "libc++";
				CLANG_ENABLE_MODULES = YES;
				CLANG_ENABLE_OBJC_ARC = YES;
				CLANG_ENABLE_OBJC_WEAK = YES;
				CLANG_WARN_BLOCK_CAPTURE_AUTORELEASING = YES;
				CLANG_WARN_BOOL_CONVERSION = YES;
				CLANG_WARN_COMMA = YES;
				CLANG_WARN_CONSTANT_CONVERSION = YES;
				CLANG_WARN_DEPRECATED_OBJC_IMPLEMENTATIONS = YES;
				CLANG_WARN_DIRECT_OBJC_ISA_USAGE = YES_ERROR;
				CLANG_WARN_DOCUMENTATION_COMMENTS = YES;
				CLANG_WARN_EMPTY_BODY = YES;
				CLANG_WARN_ENUM_CONVERSION = YES;
				CLANG_WARN_INFINITE_RECURSION = YES;
				CLANG_WARN_INT_CONVERSION = YES;
				CLANG_WARN_NON_LITERAL_NULL_CONVERSION = YES;
				CLANG_WARN_OBJC_IMPLICIT_RETAIN_SELF = YES;
				CLANG_WARN_OBJC_LITERAL_CONVERSION = YES;
				CLANG_WARN_OBJC_ROOT_CLASS = YES_ERROR;
				CLANG_WARN_QUOTED_INCLUDE_IN_FRAMEWORK_HEADER = YES;
				CLANG_WARN_RANGE_LOOP_ANALYSIS = YES;
				CLANG_WARN_STRICT_PROTOTYPES = YES;
				CLANG_WARN_SUSPICIOUS_MOVE = YES;
				CLANG_WARN_UNGUARDED_AVAILABILITY = YES_AGGRESSIVE;
				CLANG_WARN_UNREACHABLE_CODE = YES;
				CLANG_WARN__DUPLICATE_METHOD_MATCH = YES;
				COPY_PHASE_STRIP = NO;
				DEBUG_INFORMATION_FORMAT = "dwarf-with-dsym";
				ENABLE_NS_ASSERTIONS = NO;
				ENABLE_STRICT_OBJC_MSGSEND = YES;
				GCC_C_LANGUAGE_STANDARD = gnu11;
				GCC_NO_COMMON_BLOCKS = YES;
				GCC_WARN_64_TO_32_BIT_CONVERSION = YES;
				GCC_WARN_ABOUT_RETURN_TYPE = YES_ERROR;
				GCC_WARN_UNDECLARED_SELECTOR = YES;
				GCC_WARN_UNINITIALIZED_AUTOS = YES_AGGRESSIVE;
				GCC_WARN_UNUSED_FUNCTION = YES;
				GCC_WARN_UNUSED_VARIABLE = YES;
				IPHONEOS_DEPLOYMENT_TARGET = 15.0;
				MTL_ENABLE_DEBUG_INFO = NO;
				MTL_FAST_MATH = YES;
				SDKROOT = iphoneos;
				SWIFT_COMPILATION_MODE = wholemodule;
				SWIFT_OPTIMIZATION_LEVEL = "-O";
				VALIDATE_PRODUCT = YES;
			};
			name = Release;
		};
		F4EADDAE2722F3B8008C1168 /* Debug */ = {
			isa = XCBuildConfiguration;
			buildSettings = {
				ASSETCATALOG_COMPILER_APPICON_NAME = AppIcon;
				ASSETCATALOG_COMPILER_GLOBAL_ACCENT_COLOR_NAME = AccentColor;
				CODE_SIGN_STYLE = Automatic;
				CURRENT_PROJECT_VERSION = 1;
				DEVELOPMENT_ASSET_PATHS = "\"SwiftBeta-Weather/Preview Content\"";
				DEVELOPMENT_TEAM = K4FV5B8ZC4;
				ENABLE_PREVIEWS = YES;
				GENERATE_INFOPLIST_FILE = YES;
				INFOPLIST_FILE = "SwiftBeta-Weather/Info.plist";
				INFOPLIST_KEY_UIApplicationSceneManifest_Generation = YES;
				INFOPLIST_KEY_UIApplicationSupportsIndirectInputEvents = YES;
				INFOPLIST_KEY_UILaunchScreen_Generation = YES;
				INFOPLIST_KEY_UISupportedInterfaceOrientations_iPad = "UIInterfaceOrientationPortrait UIInterfaceOrientationPortraitUpsideDown UIInterfaceOrientationLandscapeLeft UIInterfaceOrientationLandscapeRight";
				INFOPLIST_KEY_UISupportedInterfaceOrientations_iPhone = "UIInterfaceOrientationPortrait UIInterfaceOrientationLandscapeLeft UIInterfaceOrientationLandscapeRight";
				IPHONEOS_DEPLOYMENT_TARGET = 15.0;
				LD_RUNPATH_SEARCH_PATHS = (
					"$(inherited)",
					"@executable_path/Frameworks",
				);
				MARKETING_VERSION = 1.0;
				PRODUCT_BUNDLE_IDENTIFIER = "com.swiftbeta.SwiftBeta-Weather";
				PRODUCT_NAME = "$(TARGET_NAME)";
				SWIFT_EMIT_LOC_STRINGS = YES;
				SWIFT_VERSION = 5.0;
				TARGETED_DEVICE_FAMILY = "1,2";
			};
			name = Debug;
		};
		F4EADDAF2722F3B8008C1168 /* Release */ = {
			isa = XCBuildConfiguration;
			buildSettings = {
				ASSETCATALOG_COMPILER_APPICON_NAME = AppIcon;
				ASSETCATALOG_COMPILER_GLOBAL_ACCENT_COLOR_NAME = AccentColor;
				CODE_SIGN_STYLE = Automatic;
				CURRENT_PROJECT_VERSION = 1;
				DEVELOPMENT_ASSET_PATHS = "\"SwiftBeta-Weather/Preview Content\"";
				DEVELOPMENT_TEAM = K4FV5B8ZC4;
				ENABLE_PREVIEWS = YES;
				GENERATE_INFOPLIST_FILE = YES;
				INFOPLIST_FILE = "SwiftBeta-Weather/Info.plist";
				INFOPLIST_KEY_UIApplicationSceneManifest_Generation = YES;
				INFOPLIST_KEY_UIApplicationSupportsIndirectInputEvents = YES;
				INFOPLIST_KEY_UILaunchScreen_Generation = YES;
				INFOPLIST_KEY_UISupportedInterfaceOrientations_iPad = "UIInterfaceOrientationPortrait UIInterfaceOrientationPortraitUpsideDown UIInterfaceOrientationLandscapeLeft UIInterfaceOrientationLandscapeRight";
				INFOPLIST_KEY_UISupportedInterfaceOrientations_iPhone = "UIInterfaceOrientationPortrait UIInterfaceOrientationLandscapeLeft UIInterfaceOrientationLandscapeRight";
				IPHONEOS_DEPLOYMENT_TARGET = 15.0;
				LD_RUNPATH_SEARCH_PATHS = (
					"$(inherited)",
					"@executable_path/Frameworks",
				);
				MARKETING_VERSION = 1.0;
				PRODUCT_BUNDLE_IDENTIFIER = "com.swiftbeta.SwiftBeta-Weather";
				PRODUCT_NAME = "$(TARGET_NAME)";
				SWIFT_EMIT_LOC_STRINGS = YES;
				SWIFT_VERSION = 5.0;
				TARGETED_DEVICE_FAMILY = "1,2";
			};
			name = Release;
		};
/* End XCBuildConfiguration section */

/* Begin XCConfigurationList section */
		F4EADD9A2722F3B7008C1168 /* Build configuration list for PBXProject "SwiftBeta-Weather" */ = {
			isa = XCConfigurationList;
			buildConfigurations = (
				F4EADDAB2722F3B8008C1168 /* Debug */,
				F4EADDAC2722F3B8008C1168 /* Release */,
			);
			defaultConfigurationIsVisible = 0;
			defaultConfigurationName = Release;
		};
		F4EADDAD2722F3B8008C1168 /* Build configuration list for PBXNativeTarget "SwiftBeta-Weather" */ = {
			isa = XCConfigurationList;
			buildConfigurations = (
				F4EADDAE2722F3B8008C1168 /* Debug */,
				F4EADDAF2722F3B8008C1168 /* Release */,
			);
			defaultConfigurationIsVisible = 0;
			defaultConfigurationName = Release;
		};
/* End XCConfigurationList section */
	};
	rootObject = F4EADD972722F3B7008C1168 /* Project object */;
}
